
Microsoft Visual Studio Solution File, Format Version 12.00
# Visual Studio 15
Project("{FAE04EC0-301F-11D3-BF4B-00C04F79EFBC}") = "Assembly-CSharp", "Assembly-CSharp.csproj", "{4E9EFBD6-DD9A-401D-F523-525F804330B0}"
EndProject
Project("{FAE04EC0-301F-11D3-BF4B-00C04F79EFBC}") = "Assembly-CSharp-Editor", "Assembly-CSharp-Editor.csproj", "{95E15F26-6284-3BBD-450D-3C5B6D1DCD14}"
EndProject
Global
	GlobalSection(SolutionConfigurationPlatforms) = preSolution
		Debug|Any CPU = Debug|Any CPU
		Release|Any CPU = Release|Any CPU
	EndGlobalSection
	GlobalSection(ProjectConfigurationPlatforms) = postSolution
		{4E9EFBD6-DD9A-401D-F523-525F804330B0}.Debug|Any CPU.ActiveCfg = Debug|Any CPU
		{4E9EFBD6-DD9A-401D-F523-525F804330B0}.Debug|Any CPU.Build.0 = Debug|Any CPU
		{4E9EFBD6-DD9A-401D-F523-525F804330B0}.Release|Any CPU.ActiveCfg = Release|Any CPU
		{4E9EFBD6-DD9A-401D-F523-525F804330B0}.Release|Any CPU.Build.0 = Release|Any CPU
		{95E15F26-6284-3BBD-450D-3C5B6D1DCD14}.Debug|Any CPU.ActiveCfg = Debug|Any CPU
		{95E15F26-6284-3BBD-450D-3C5B6D1DCD14}.Debug|Any CPU.Build.0 = Debug|Any CPU
		{95E15F26-6284-3BBD-450D-3C5B6D1DCD14}.Release|Any CPU.ActiveCfg = Release|Any CPU
		{95E15F26-6284-3BBD-450D-3C5B6D1DCD14}.Release|Any CPU.Build.0 = Release|Any CPU
	EndGlobalSection
	GlobalSection(SolutionProperties) = preSolution
		HideSolutionNode = FALSE
	EndGlobalSection
EndGlobal
